
Microsoft Visual Studio Solution File, Format Version 12.00
# Visual Studio Version 17
VisualStudioVersion = 17.6.33829.357
MinimumVisualStudioVersion = 10.0.40219.1
Project("{FAE04EC0-301F-11D3-BF4B-00C04F79EFBC}") = "Mvc-Day4", "Mvc-Day4\Mvc-Day4.csproj", "{DFBC52BC-DBED-4D6C-A3C2-0578397722F0}"
EndProject
Global
	GlobalSection(SolutionConfigurationPlatforms) = preSolution
		Debug|Any CPU = Debug|Any CPU
		Release|Any CPU = Release|Any CPU
	EndGlobalSection
	GlobalSection(ProjectConfigurationPlatforms) = postSolution
		{DFBC52BC-DBED-4D6C-A3C2-0578397722F0}.Debug|Any CPU.ActiveCfg = Debug|Any CPU
		{DFBC52BC-DBED-4D6C-A3C2-0578397722F0}.Debug|Any CPU.Build.0 = Debug|Any CPU
		{DFBC52BC-DBED-4D6C-A3C2-0578397722F0}.Release|Any CPU.ActiveCfg = Release|Any CPU
		{DFBC52BC-DBED-4D6C-A3C2-0578397722F0}.Release|Any CPU.Build.0 = Release|Any CPU
	EndGlobalSection
	GlobalSection(SolutionProperties) = preSolution
		HideSolutionNode = FALSE
	EndGlobalSection
	GlobalSection(ExtensibilityGlobals) = postSolution
		SolutionGuid = {FECE98A5-FB48-4EDE-A208-F360E090B820}
	EndGlobalSection
EndGlobal
